Microsoft Visual Studio Solution File, Format Version 12.00
# Visual Studio 15
VisualStudioVersion = 15.0.28010.2016
MinimumVisualStudioVersion = 10.0.40219.1
Project("{FAE04EC0-301F-11D3-BF4B-00C04F79EFBC}") = "ChartUpdateExample", "ChartUpdateExample\ChartUpdateExample.csproj", "{CE59041F-DC56-4555-97AE-D14ECC96FF01}"
EndProject
Global
	GlobalSection(SolutionConfigurationPlatforms) = preSolution
		Debug|Any CPU = Debug|Any CPU
		Release|Any CPU = Release|Any CPU
	EndGlobalSection
	GlobalSection(ProjectConfigurationPlatforms) = postSolution
		{CE59041F-DC56-4555-97AE-D14ECC96FF01}.Debug|Any CPU.ActiveCfg = Debug|Any CPU
		{CE59041F-DC56-4555-97AE-D14ECC96FF01}.Debug|Any CPU.Build.0 = Debug|Any CPU
		{CE59041F-DC56-4555-97AE-D14ECC96FF01}.Release|Any CPU.ActiveCfg = Release|Any CPU
		{CE59041F-DC56-4555-97AE-D14ECC96FF01}.Release|Any CPU.Build.0 = Release|Any CPU
	EndGlobalSection
	GlobalSection(SolutionProperties) = preSolution
		HideSolutionNode = FALSE
	EndGlobalSection
	GlobalSection(ExtensibilityGlobals) = postSolution
		SolutionGuid = {9B682E58-98B5-4BD4-9D10-FCB66593DC91}
	EndGlobalSection
EndGlobal
